
Microsoft Visual Studio Solution File, Format Version 12.00
# Visual Studio 14
VisualStudioVersion = 14.0.25420.1
MinimumVisualStudioVersion = 10.0.40219.1
Project("{FAE04EC0-301F-11D3-BF4B-00C04F79EFBC}") = "test.server.auth", "test.server.auth\test.server.auth.csproj", "{C6E4E3CD-524E-40BB-9001-64A38C4D4ACF}"
EndProject
Project("{FAE04EC0-301F-11D3-BF4B-00C04F79EFBC}") = "test.server.api", "test.server.api\test.server.api.csproj", "{6C306F9C-24B8-4394-9958-89C67B3C24E1}"
EndProject
Project("{2150E333-8FDC-42A3-9474-1A3956D46DE8}") = "test", "test", "{11EDA0DA-2784-4186-9176-EBBBC9B92FB4}"
EndProject
Project("{FAE04EC0-301F-11D3-BF4B-00C04F79EFBC}") = "test.client.console", "test.client.console\test.client.console.csproj", "{A4636D19-2B6A-4805-A8AF-08896202654D}"
EndProject
Project("{2150E333-8FDC-42A3-9474-1A3956D46DE8}") = "web", "web", "{255882A0-7020-4EB6-8486-A2124FF6F2E5}"
EndProject
Project("{FAE04EC0-301F-11D3-BF4B-00C04F79EFBC}") = "of.web", "of.web\of.web.csproj", "{929A53DC-494C-4923-8734-3B62E0C3C42F}"
EndProject
Project("{2150E333-8FDC-42A3-9474-1A3956D46DE8}") = "support", "support", "{17057A3A-FDEF-4438-A341-139FD707433F}"
EndProject
Project("{FAE04EC0-301F-11D3-BF4B-00C04F79EFBC}") = "of.support", "of.support\of.support.csproj", "{006C5308-868D-4D69-9950-3B45C4959877}"
EndProject
Project("{FAE04EC0-301F-11D3-BF4B-00C04F79EFBC}") = "of.support.serilog", "of.support.serilog\of.support.serilog.csproj", "{F58014A7-ED4C-4D47-BB67-A6B35D4C7980}"
EndProject
Project("{2150E333-8FDC-42A3-9474-1A3956D46DE8}") = "identity", "identity", "{E3595349-E067-4E26-8932-280D9EB6CEFA}"
EndProject
Project("{FAE04EC0-301F-11D3-BF4B-00C04F79EFBC}") = "of.support.web", "of.support.web\of.support.web.csproj", "{5213C052-3704-43A4-B854-3B21C4B6D933}"
EndProject
Project("{FAE04EC0-301F-11D3-BF4B-00C04F79EFBC}") = "of.support.mongodb", "of.support.mongodb\of.support.mongodb.csproj", "{5038FDE4-0254-4B16-BCFF-4AC4AD123181}"
EndProject
Project("{FAE04EC0-301F-11D3-BF4B-00C04F79EFBC}") = "of.mongodb", "of.mongodb\of.mongodb.csproj", "{B644AD8E-B613-41CF-95FB-008E9752A067}"
EndProject
Project("{FAE04EC0-301F-11D3-BF4B-00C04F79EFBC}") = "of.identity", "of.identity\of.identity.csproj", "{D19B8FC9-9A7A-45BA-9E8C-1FA907037F28}"
EndProject
Project("{FAE04EC0-301F-11D3-BF4B-00C04F79EFBC}") = "of.identity.mongodb", "of.identity.mongodb\of.identity.mongodb.csproj", "{7605BD9B-8B42-4043-A3C1-A143058D6111}"
EndProject
Project("{FAE04EC0-301F-11D3-BF4B-00C04F79EFBC}") = "of", "of\of.csproj", "{DF686015-D5C6-44C1-B270-E04579839989}"
EndProject
Project("{2150E333-8FDC-42A3-9474-1A3956D46DE8}") = "core", "core", "{7171E72C-5244-44C7-AFA1-53AC5B1F6CC0}"
EndProject
Global
	GlobalSection(SolutionConfigurationPlatforms) = preSolution
		Debug|Any CPU = Debug|Any CPU
		Release|Any CPU = Release|Any CPU
	EndGlobalSection
	GlobalSection(ProjectConfigurationPlatforms) = postSolution
		{C6E4E3CD-524E-40BB-9001-64A38C4D4ACF}.Debug|Any CPU.ActiveCfg = Debug|Any CPU
		{C6E4E3CD-524E-40BB-9001-64A38C4D4ACF}.Debug|Any CPU.Build.0 = Debug|Any CPU
		{C6E4E3CD-524E-40BB-9001-64A38C4D4ACF}.Release|Any CPU.ActiveCfg = Release|Any CPU
		{C6E4E3CD-524E-40BB-9001-64A38C4D4ACF}.Release|Any CPU.Build.0 = Release|Any CPU
		{6C306F9C-24B8-4394-9958-89C67B3C24E1}.Debug|Any CPU.ActiveCfg = Debug|Any CPU
		{6C306F9C-24B8-4394-9958-89C67B3C24E1}.Debug|Any CPU.Build.0 = Debug|Any CPU
		{6C306F9C-24B8-4394-9958-89C67B3C24E1}.Release|Any CPU.ActiveCfg = Release|Any CPU
		{6C306F9C-24B8-4394-9958-89C67B3C24E1}.Release|Any CPU.Build.0 = Release|Any CPU
		{A4636D19-2B6A-4805-A8AF-08896202654D}.Debug|Any CPU.ActiveCfg = Debug|Any CPU
		{A4636D19-2B6A-4805-A8AF-08896202654D}.Debug|Any CPU.Build.0 = Debug|Any CPU
		{A4636D19-2B6A-4805-A8AF-08896202654D}.Release|Any CPU.ActiveCfg = Release|Any CPU
		{A4636D19-2B6A-4805-A8AF-08896202654D}.Release|Any CPU.Build.0 = Release|Any CPU
		{929A53DC-494C-4923-8734-3B62E0C3C42F}.Debug|Any CPU.ActiveCfg = Debug|Any CPU
		{929A53DC-494C-4923-8734-3B62E0C3C42F}.Debug|Any CPU.Build.0 = Debug|Any CPU
		{929A53DC-494C-4923-8734-3B62E0C3C42F}.Release|Any CPU.ActiveCfg = Release|Any CPU
		{929A53DC-494C-4923-8734-3B62E0C3C42F}.Release|Any CPU.Build.0 = Release|Any CPU
		{006C5308-868D-4D69-9950-3B45C4959877}.Debug|Any CPU.ActiveCfg = Debug|Any CPU
		{006C5308-868D-4D69-9950-3B45C4959877}.Debug|Any CPU.Build.0 = Debug|Any CPU
		{006C5308-868D-4D69-9950-3B45C4959877}.Release|Any CPU.ActiveCfg = Release|Any CPU
		{006C5308-868D-4D69-9950-3B45C4959877}.Release|Any CPU.Build.0 = Release|Any CPU
		{F58014A7-ED4C-4D47-BB67-A6B35D4C7980}.Debug|Any CPU.ActiveCfg = Debug|Any CPU
		{F58014A7-ED4C-4D47-BB67-A6B35D4C7980}.Debug|Any CPU.Build.0 = Debug|Any CPU
		{F58014A7-ED4C-4D47-BB67-A6B35D4C7980}.Release|Any CPU.ActiveCfg = Release|Any CPU
		{F58014A7-ED4C-4D47-BB67-A6B35D4C7980}.Release|Any CPU.Build.0 = Release|Any CPU
		{5213C052-3704-43A4-B854-3B21C4B6D933}.Debug|Any CPU.ActiveCfg = Debug|Any CPU
		{5213C052-3704-43A4-B854-3B21C4B6D933}.Debug|Any CPU.Build.0 = Debug|Any CPU
		{5213C052-3704-43A4-B854-3B21C4B6D933}.Release|Any CPU.ActiveCfg = Release|Any CPU
		{5213C052-3704-43A4-B854-3B21C4B6D933}.Release|Any CPU.Build.0 = Release|Any CPU
		{5038FDE4-0254-4B16-BCFF-4AC4AD123181}.Debug|Any CPU.ActiveCfg = Debug|Any CPU
		{5038FDE4-0254-4B16-BCFF-4AC4AD123181}.Debug|Any CPU.Build.0 = Debug|Any CPU
		{5038FDE4-0254-4B16-BCFF-4AC4AD123181}.Release|Any CPU.ActiveCfg = Release|Any CPU
		{5038FDE4-0254-4B16-BCFF-4AC4AD123181}.Release|Any CPU.Build.0 = Release|Any CPU
		{B644AD8E-B613-41CF-95FB-008E9752A067}.Debug|Any CPU.ActiveCfg = Debug|Any CPU
		{B644AD8E-B613-41CF-95FB-008E9752A067}.Debug|Any CPU.Build.0 = Debug|Any CPU
		{B644AD8E-B613-41CF-95FB-008E9752A067}.Release|Any CPU.ActiveCfg = Release|Any CPU
		{B644AD8E-B613-41CF-95FB-008E9752A067}.Release|Any CPU.Build.0 = Release|Any CPU
		{D19B8FC9-9A7A-45BA-9E8C-1FA907037F28}.Debug|Any CPU.ActiveCfg = Debug|Any CPU
		{D19B8FC9-9A7A-45BA-9E8C-1FA907037F28}.Debug|Any CPU.Build.0 = Debug|Any CPU
		{D19B8FC9-9A7A-45BA-9E8C-1FA907037F28}.Release|Any CPU.ActiveCfg = Release|Any CPU
		{D19B8FC9-9A7A-45BA-9E8C-1FA907037F28}.Release|Any CPU.Build.0 = Release|Any CPU
		{7605BD9B-8B42-4043-A3C1-A143058D6111}.Debug|Any CPU.ActiveCfg = Debug|Any CPU
		{7605BD9B-8B42-4043-A3C1-A143058D6111}.Debug|Any CPU.Build.0 = Debug|Any CPU
		{7605BD9B-8B42-4043-A3C1-A143058D6111}.Release|Any CPU.ActiveCfg = Release|Any CPU
		{7605BD9B-8B42-4043-A3C1-A143058D6111}.Release|Any CPU.Build.0 = Release|Any CPU
		{DF686015-D5C6-44C1-B270-E04579839989}.Debug|Any CPU.ActiveCfg = Debug|Any CPU
		{DF686015-D5C6-44C1-B270-E04579839989}.Debug|Any CPU.Build.0 = Debug|Any CPU
		{DF686015-D5C6-44C1-B270-E04579839989}.Release|Any CPU.ActiveCfg = Release|Any CPU
		{DF686015-D5C6-44C1-B270-E04579839989}.Release|Any CPU.Build.0 = Release|Any CPU
	EndGlobalSection
	GlobalSection(SolutionProperties) = preSolution
		HideSolutionNode = FALSE
	EndGlobalSection
	GlobalSection(NestedProjects) = preSolution
		{C6E4E3CD-524E-40BB-9001-64A38C4D4ACF} = {11EDA0DA-2784-4186-9176-EBBBC9B92FB4}
		{6C306F9C-24B8-4394-9958-89C67B3C24E1} = {11EDA0DA-2784-4186-9176-EBBBC9B92FB4}
		{A4636D19-2B6A-4805-A8AF-08896202654D} = {11EDA0DA-2784-4186-9176-EBBBC9B92FB4}
		{929A53DC-494C-4923-8734-3B62E0C3C42F} = {255882A0-7020-4EB6-8486-A2124FF6F2E5}
		{006C5308-868D-4D69-9950-3B45C4959877} = {17057A3A-FDEF-4438-A341-139FD707433F}
		{F58014A7-ED4C-4D47-BB67-A6B35D4C7980} = {17057A3A-FDEF-4438-A341-139FD707433F}
		{5213C052-3704-43A4-B854-3B21C4B6D933} = {17057A3A-FDEF-4438-A341-139FD707433F}
		{5038FDE4-0254-4B16-BCFF-4AC4AD123181} = {17057A3A-FDEF-4438-A341-139FD707433F}
		{B644AD8E-B613-41CF-95FB-008E9752A067} = {7171E72C-5244-44C7-AFA1-53AC5B1F6CC0}
		{D19B8FC9-9A7A-45BA-9E8C-1FA907037F28} = {E3595349-E067-4E26-8932-280D9EB6CEFA}
		{7605BD9B-8B42-4043-A3C1-A143058D6111} = {E3595349-E067-4E26-8932-280D9EB6CEFA}
		{DF686015-D5C6-44C1-B270-E04579839989} = {7171E72C-5244-44C7-AFA1-53AC5B1F6CC0}
	EndGlobalSection
EndGlobal
